
Microsoft Visual Studio Solution File, Format Version 12.00
# Visual Studio Version 16
VisualStudioVersion = 16.0.32002.261
MinimumVisualStudioVersion = 10.0.40219.1
Project("{9A19103F-16F7-4668-BE54-9A1E7A4F7556}") = "TaskBoardWebDriverTests", "WebDriverTests\TaskBoardWebDriverTests.csproj", "{F108EAA5-6FEE-4141-9AAC-D8538E111221}"
EndProject
Project("{9A19103F-16F7-4668-BE54-9A1E7A4F7556}") = "TaskBoardRestSharpTests", "RestSharpTests\TaskBoardRestSharpTests.csproj", "{11555F76-BC8C-440F-B31E-7BA2103D0D82}"
EndProject
Project("{9A19103F-16F7-4668-BE54-9A1E7A4F7556}") = "TaskBoardAppiumWindowsTests", "AppiumWindowsTests\TaskBoardAppiumWindowsTests.csproj", "{A997DF22-7BC8-4EEF-9661-7399474C2F1A}"
EndProject
Global
	GlobalSection(SolutionConfigurationPlatforms) = preSolution
		Debug|Any CPU = Debug|Any CPU
		Release|Any CPU = Release|Any CPU
	EndGlobalSection
	GlobalSection(ProjectConfigurationPlatforms) = postSolution
		{F108EAA5-6FEE-4141-9AAC-D8538E111221}.Debug|Any CPU.ActiveCfg = Debug|Any CPU
		{F108EAA5-6FEE-4141-9AAC-D8538E111221}.Debug|Any CPU.Build.0 = Debug|Any CPU
		{F108EAA5-6FEE-4141-9AAC-D8538E111221}.Release|Any CPU.ActiveCfg = Release|Any CPU
		{F108EAA5-6FEE-4141-9AAC-D8538E111221}.Release|Any CPU.Build.0 = Release|Any CPU
		{11555F76-BC8C-440F-B31E-7BA2103D0D82}.Debug|Any CPU.ActiveCfg = Debug|Any CPU
		{11555F76-BC8C-440F-B31E-7BA2103D0D82}.Debug|Any CPU.Build.0 = Debug|Any CPU
		{11555F76-BC8C-440F-B31E-7BA2103D0D82}.Release|Any CPU.ActiveCfg = Release|Any CPU
		{11555F76-BC8C-440F-B31E-7BA2103D0D82}.Release|Any CPU.Build.0 = Release|Any CPU
		{A997DF22-7BC8-4EEF-9661-7399474C2F1A}.Debug|Any CPU.ActiveCfg = Debug|Any CPU
		{A997DF22-7BC8-4EEF-9661-7399474C2F1A}.Debug|Any CPU.Build.0 = Debug|Any CPU
		{A997DF22-7BC8-4EEF-9661-7399474C2F1A}.Release|Any CPU.ActiveCfg = Release|Any CPU
		{A997DF22-7BC8-4EEF-9661-7399474C2F1A}.Release|Any CPU.Build.0 = Release|Any CPU
	EndGlobalSection
	GlobalSection(SolutionProperties) = preSolution
		HideSolutionNode = FALSE
	EndGlobalSection
	GlobalSection(ExtensibilityGlobals) = postSolution
		SolutionGuid = {F1A489CF-9E4D-401F-8851-5D4187FD7FD6}
	EndGlobalSection
EndGlobal
